
Microsoft Visual Studio Solution File, Format Version 12.00
# Visual Studio Version 17
VisualStudioVersion = 17.6.33815.320
MinimumVisualStudioVersion = 10.0.40219.1
Project("{FAE04EC0-301F-11D3-BF4B-00C04F79EFBC}") = "marksheet", "marksheet\marksheet.csproj", "{4B77230E-6EE5-47B4-82EF-785453E1F746}"
EndProject
Project("{FAE04EC0-301F-11D3-BF4B-00C04F79EFBC}") = "dealogate", "dealogate\dealogate.csproj", "{91580FB2-24C7-4A91-8FC6-C8730022BD02}"
EndProject
Global
	GlobalSection(SolutionConfigurationPlatforms) = preSolution
		Debug|Any CPU = Debug|Any CPU
		Release|Any CPU = Release|Any CPU
	EndGlobalSection
	GlobalSection(ProjectConfigurationPlatforms) = postSolution
		{4B77230E-6EE5-47B4-82EF-785453E1F746}.Debug|Any CPU.ActiveCfg = Debug|Any CPU
		{4B77230E-6EE5-47B4-82EF-785453E1F746}.Debug|Any CPU.Build.0 = Debug|Any CPU
		{4B77230E-6EE5-47B4-82EF-785453E1F746}.Release|Any CPU.ActiveCfg = Release|Any CPU
		{4B77230E-6EE5-47B4-82EF-785453E1F746}.Release|Any CPU.Build.0 = Release|Any CPU
		{91580FB2-24C7-4A91-8FC6-C8730022BD02}.Debug|Any CPU.ActiveCfg = Debug|Any CPU
		{91580FB2-24C7-4A91-8FC6-C8730022BD02}.Debug|Any CPU.Build.0 = Debug|Any CPU
		{91580FB2-24C7-4A91-8FC6-C8730022BD02}.Release|Any CPU.ActiveCfg = Release|Any CPU
		{91580FB2-24C7-4A91-8FC6-C8730022BD02}.Release|Any CPU.Build.0 = Release|Any CPU
	EndGlobalSection
	GlobalSection(SolutionProperties) = preSolution
		HideSolutionNode = FALSE
	EndGlobalSection
	GlobalSection(ExtensibilityGlobals) = postSolution
		SolutionGuid = {E60FD981-794F-43EF-98B4-9FFF1FEF565B}
	EndGlobalSection
EndGlobal
